
Microsoft Visual Studio Solution File, Format Version 12.00
# Visual Studio Version 17
VisualStudioVersion = 17.3.32804.467
MinimumVisualStudioVersion = 10.0.40219.1
Project("{9A19103F-16F7-4668-BE54-9A1E7A4F7556}") = "PerfumeStore.API", "PerfumeStore.API\PerfumeStore.API.csproj", "{D0AA7F02-F9A7-461E-A680-DE12B2AA3557}"
	ProjectSection(ProjectDependencies) = postProject
		{13372485-7E36-4FB8-96FA-F25DBEC19830} = {13372485-7E36-4FB8-96FA-F25DBEC19830}
		{5FBBD676-E2A9-4D15-90C6-676F7464F933} = {5FBBD676-E2A9-4D15-90C6-676F7464F933}
		{E305DE59-C04E-4577-A929-F9090BF44EEE} = {E305DE59-C04E-4577-A929-F9090BF44EEE}
	EndProjectSection
EndProject
Project("{2150E333-8FDC-42A3-9474-1A3956D46DE8}") = "tests", "tests", "{F0292408-F75A-49AE-979C-EFF67AFF72D3}"
EndProject
Project("{9A19103F-16F7-4668-BE54-9A1E7A4F7556}") = "PerfumeStore.API.UnitTests", "PerfumeStore.API.UnitTests\PerfumeStore.API.UnitTests.csproj", "{5FBBD676-E2A9-4D15-90C6-676F7464F933}"
EndProject
Project("{9A19103F-16F7-4668-BE54-9A1E7A4F7556}") = "PerfumeStore.Domain", "PerfumeStore.Domain\PerfumeStore.Domain.csproj", "{13372485-7E36-4FB8-96FA-F25DBEC19830}"
EndProject
Project("{9A19103F-16F7-4668-BE54-9A1E7A4F7556}") = "PerfumeStore.Core", "PerfumeStore.Core\PerfumeStore.Core.csproj", "{E305DE59-C04E-4577-A929-F9090BF44EEE}"
	ProjectSection(ProjectDependencies) = postProject
		{13372485-7E36-4FB8-96FA-F25DBEC19830} = {13372485-7E36-4FB8-96FA-F25DBEC19830}
	EndProjectSection
EndProject
Project("{2150E333-8FDC-42A3-9474-1A3956D46DE8}") = "Solution Items", "Solution Items", "{35B6528B-F974-4C74-AD7C-54EE250B7CF7}"
	ProjectSection(SolutionItems) = preProject
		MigrationGuide.txt = MigrationGuide.txt
	EndProjectSection
EndProject
Project("{9A19103F-16F7-4668-BE54-9A1E7A4F7556}") = "DuendeIs", "DuendeIs\DuendeIs.csproj", "{3E99B42A-8D93-460C-BC2D-1A0F5948CEA4}"
EndProject
Project("{FAE04EC0-301F-11D3-BF4B-00C04F79EFBC}") = "DuendeIs.Core", "DuendeIs.Core\DuendeIs.Core.csproj", "{1A2093F6-C83D-4875-A394-07B091C35AE2}"
EndProject
Global
	GlobalSection(SolutionConfigurationPlatforms) = preSolution
		Debug|Any CPU = Debug|Any CPU
		Release|Any CPU = Release|Any CPU
	EndGlobalSection
	GlobalSection(ProjectConfigurationPlatforms) = postSolution
		{D0AA7F02-F9A7-461E-A680-DE12B2AA3557}.Debug|Any CPU.ActiveCfg = Debug|Any CPU
		{D0AA7F02-F9A7-461E-A680-DE12B2AA3557}.Debug|Any CPU.Build.0 = Debug|Any CPU
		{D0AA7F02-F9A7-461E-A680-DE12B2AA3557}.Release|Any CPU.ActiveCfg = Release|Any CPU
		{D0AA7F02-F9A7-461E-A680-DE12B2AA3557}.Release|Any CPU.Build.0 = Release|Any CPU
		{5FBBD676-E2A9-4D15-90C6-676F7464F933}.Debug|Any CPU.ActiveCfg = Debug|Any CPU
		{5FBBD676-E2A9-4D15-90C6-676F7464F933}.Debug|Any CPU.Build.0 = Debug|Any CPU
		{5FBBD676-E2A9-4D15-90C6-676F7464F933}.Release|Any CPU.ActiveCfg = Release|Any CPU
		{5FBBD676-E2A9-4D15-90C6-676F7464F933}.Release|Any CPU.Build.0 = Release|Any CPU
		{13372485-7E36-4FB8-96FA-F25DBEC19830}.Debug|Any CPU.ActiveCfg = Debug|Any CPU
		{13372485-7E36-4FB8-96FA-F25DBEC19830}.Debug|Any CPU.Build.0 = Debug|Any CPU
		{13372485-7E36-4FB8-96FA-F25DBEC19830}.Release|Any CPU.ActiveCfg = Release|Any CPU
		{13372485-7E36-4FB8-96FA-F25DBEC19830}.Release|Any CPU.Build.0 = Release|Any CPU
		{E305DE59-C04E-4577-A929-F9090BF44EEE}.Debug|Any CPU.ActiveCfg = Debug|Any CPU
		{E305DE59-C04E-4577-A929-F9090BF44EEE}.Debug|Any CPU.Build.0 = Debug|Any CPU
		{E305DE59-C04E-4577-A929-F9090BF44EEE}.Release|Any CPU.ActiveCfg = Release|Any CPU
		{E305DE59-C04E-4577-A929-F9090BF44EEE}.Release|Any CPU.Build.0 = Release|Any CPU
		{3E99B42A-8D93-460C-BC2D-1A0F5948CEA4}.Debug|Any CPU.ActiveCfg = Debug|Any CPU
		{3E99B42A-8D93-460C-BC2D-1A0F5948CEA4}.Debug|Any CPU.Build.0 = Debug|Any CPU
		{3E99B42A-8D93-460C-BC2D-1A0F5948CEA4}.Release|Any CPU.ActiveCfg = Release|Any CPU
		{3E99B42A-8D93-460C-BC2D-1A0F5948CEA4}.Release|Any CPU.Build.0 = Release|Any CPU
		{1A2093F6-C83D-4875-A394-07B091C35AE2}.Debug|Any CPU.ActiveCfg = Debug|Any CPU
		{1A2093F6-C83D-4875-A394-07B091C35AE2}.Debug|Any CPU.Build.0 = Debug|Any CPU
		{1A2093F6-C83D-4875-A394-07B091C35AE2}.Release|Any CPU.ActiveCfg = Release|Any CPU
		{1A2093F6-C83D-4875-A394-07B091C35AE2}.Release|Any CPU.Build.0 = Release|Any CPU
	EndGlobalSection
	GlobalSection(SolutionProperties) = preSolution
		HideSolutionNode = FALSE
	EndGlobalSection
	GlobalSection(NestedProjects) = preSolution
		{5FBBD676-E2A9-4D15-90C6-676F7464F933} = {F0292408-F75A-49AE-979C-EFF67AFF72D3}
	EndGlobalSection
	GlobalSection(ExtensibilityGlobals) = postSolution
		SolutionGuid = {6351C119-EDA1-4A96-A6E8-024744FC56B3}
	EndGlobalSection
EndGlobal
